{
  "name": "t-rex-brainer",
  "version": "1.0.0",
  "lockfileVersion": 1,
  "requires": true,
  "dependencies": {
    "@types/text-encoding": {
      "version": "0.0.30",
      "resolved": "https://registry.npmjs.org/@types/text-encoding/-/text-encoding-0.0.30.tgz",
      "integrity": "sha1-Kte8GShwlMnSdU0jjgmU3SmVeB8="
    },
    "@types/web-bluetooth": {
      "version": "0.0.2",
      "resolved": "https://registry.npmjs.org/@types/web-bluetooth/-/web-bluetooth-0.0.2.tgz",
      "integrity": "sha1-XPCBwyAyNUNxLEnEntUgv2XurRo="
    },
    "muse-js": {
      "version": "0.6.0",
      "resolved": "https://registry.npmjs.org/muse-js/-/muse-js-0.6.0.tgz",
      "integrity": "sha1-n2071hFakktIv/nTj1AqSfh99wo=",
      "requires": {
        "@types/text-encoding": "^0.0.30",
        "@types/web-bluetooth": "^0.0.2",
        "rxjs": "^5.4.0"
      }
    },
    "rxjs": {
      "version": "5.5.12",
      "resolved": "https://registry.npmjs.org/rxjs/-/rxjs-5.5.12.tgz",
      "integrity": "sha512-xx2itnL5sBbqeeiVgNPVuQQ1nC8Jp2WfNJhXWHmElW9YmrpS9UVnNzhP3EH3HFqexO5Tlp8GhYY+WEcqcVMvGw==",
      "requires": {
        "symbol-observable": "1.0.1"
      }
    },
    "symbol-observable": {
      "version": "1.0.1",
      "resolved": "https://registry.npmjs.org/symbol-observable/-/symbol-observable-1.0.1.tgz",
      "integrity": "sha1-g0D8RwLDEi310iKI+IKD9RPT/dQ="
    },
    "systemjs": {
      "version": "0.20.19",
      "resolved": "https://registry.npmjs.org/systemjs/-/systemjs-0.20.19.tgz",
      "integrity": "sha512-H/rKwNEEyej/+IhkmFNmKFyJul8tbH/muiPq5TyNoVTwsGhUjRsN3NlFnFQUvFXA3+GQmsXkCNXU6QKPl779aw=="
    }
  }
}
